
Microsoft Visual Studio Solution File, Format Version 12.00
# Visual Studio Version 17
VisualStudioVersion = 17.9.34728.123
MinimumVisualStudioVersion = 10.0.40219.1
Project("{FAE04EC0-301F-11D3-BF4B-00C04F79EFBC}") = "Goldin.File.Upload.Api", "Goldin.File.Upload.Api\Goldin.File.Upload.Api.csproj", "{AE6B4EBF-5E47-4F2C-8FA4-9802B45756AA}"
EndProject
Global
	GlobalSection(SolutionConfigurationPlatforms) = preSolution
		Debug|Any CPU = Debug|Any CPU
		Release|Any CPU = Release|Any CPU
	EndGlobalSection
	GlobalSection(ProjectConfigurationPlatforms) = postSolution
		{AE6B4EBF-5E47-4F2C-8FA4-9802B45756AA}.Debug|Any CPU.ActiveCfg = Debug|Any CPU
		{AE6B4EBF-5E47-4F2C-8FA4-9802B45756AA}.Debug|Any CPU.Build.0 = Debug|Any CPU
		{AE6B4EBF-5E47-4F2C-8FA4-9802B45756AA}.Release|Any CPU.ActiveCfg = Release|Any CPU
		{AE6B4EBF-5E47-4F2C-8FA4-9802B45756AA}.Release|Any CPU.Build.0 = Release|Any CPU
	EndGlobalSection
	GlobalSection(SolutionProperties) = preSolution
		HideSolutionNode = FALSE
	EndGlobalSection
	GlobalSection(ExtensibilityGlobals) = postSolution
		SolutionGuid = {CC0405EE-5CDE-4B04-9EC3-E9BCE0D1FD49}
	EndGlobalSection
EndGlobal
